{
  "nodes": {
    "darwin": {
      "inputs": {
        "nixpkgs": [
          "nixpkgs"
        ]
      },
      "locked": {
        "lastModified": 1763505477,
        "narHash": "sha256-nJRd4LY2kT3OELfHqdgWjvToNZ4w+zKCMzS2R6z4sXE=",
        "owner": "LnL7",
        "repo": "nix-darwin",
        "rev": "3bda9f6b14161becbd07b3c56411f1670e19b9b5",
        "type": "github"
      },
      "original": {
        "owner": "LnL7",
        "repo": "nix-darwin",
        "type": "github"
      }
    },
    "home-manager": {
      "inputs": {
        "nixpkgs": [
          "darwin"
        ]
      },
      "locked": {
        "lastModified": 1764075860,
        "narHash": "sha256-KYEIHCBBw+/lwKsJNRNoUxBB4ZY2LK0G0T8f+0i65q0=",
        "owner": "nix-community",
        "repo": "home-manager",
        "rev": "295d90e22d557ccc3049dc92460b82f372cd3892",
        "type": "github"
      },
      "original": {
        "owner": "nix-community",
        "repo": "home-manager",
        "type": "github"
      }
    },
    "nixpkgs": {
      "locked": {
        "lastModified": 1763934636,
        "narHash": "sha256-9glbI7f1uU+yzQCq5LwLgdZqx6svOhZWkd4JRY265fc=",
        "owner": "NixOS",
        "repo": "nixpkgs",
        "rev": "ee09932cedcef15aaf476f9343d1dea2cb77e261",
        "type": "github"
      },
      "original": {
        "owner": "NixOS",
        "ref": "nixpkgs-unstable",
        "repo": "nixpkgs",
        "type": "github"
      }
    },
    "nixpkgs-2405": {
      "locked": {
        "lastModified": 1735563628,
        "narHash": "sha256-OnSAY7XDSx7CtDoqNh8jwVwh4xNL/2HaJxGjryLWzX8=",
        "owner": "nixos",
        "repo": "nixpkgs",
        "rev": "b134951a4c9f3c995fd7be05f3243f8ecd65d798",
        "type": "github"
      },
      "original": {
        "owner": "nixos",
        "ref": "nixos-24.05",
        "repo": "nixpkgs",
        "type": "github"
      }
    },
    "nixpkgs-2411": {
      "locked": {
        "lastModified": 1751274312,
        "narHash": "sha256-/bVBlRpECLVzjV19t5KMdMFWSwKLtb5RyXdjz3LJT+g=",
        "owner": "NixOS",
        "repo": "nixpkgs",
        "rev": "50ab793786d9de88ee30ec4e4c24fb4236fc2674",
        "type": "github"
      },
      "original": {
        "owner": "NixOS",
        "ref": "nixos-24.11",
        "repo": "nixpkgs",
        "type": "github"
      }
    },
    "nixpkgs_2": {
      "locked": {
        "lastModified": 1763618868,
        "narHash": "sha256-v5afmLjn/uyD9EQuPBn7nZuaZVV9r+JerayK/4wvdWA=",
        "owner": "NixOS",
        "repo": "nixpkgs",
        "rev": "a8d610af3f1a5fb71e23e08434d8d61a466fc942",
        "type": "github"
      },
      "original": {
        "owner": "NixOS",
        "ref": "nixpkgs-unstable",
        "repo": "nixpkgs",
        "type": "github"
      }
    },
    "root": {
      "inputs": {
        "darwin": "darwin",
        "home-manager": "home-manager",
        "nixpkgs": "nixpkgs",
        "nixpkgs-2405": "nixpkgs-2405",
        "nixpkgs-2411": "nixpkgs-2411",
        "sops-nix": "sops-nix"
      }
    },
    "sops-nix": {
      "inputs": {
        "nixpkgs": "nixpkgs_2"
      },
      "locked": {
        "lastModified": 1764021963,
        "narHash": "sha256-1m84V2ROwNEbqeS9t37/mkry23GBhfMt8qb6aHHmjuc=",
        "owner": "Mic92",
        "repo": "sops-nix",
        "rev": "c482a1c1bbe030be6688ed7dc84f7213f304f1ec",
        "type": "github"
      },
      "original": {
        "owner": "Mic92",
        "repo": "sops-nix",
        "type": "github"
      }
    }
  },
  "root": "root",
  "version": 7
}
